
Microsoft Visual Studio Solution File, Format Version 12.00
# Visual Studio Version 17
VisualStudioVersion = 17.3.32901.215
MinimumVisualStudioVersion = 10.0.40219.1
Project("{FAE04EC0-301F-11D3-BF4B-00C04F79EFBC}") = "Victorina", "Victorina\Victorina.csproj", "{9744B512-0D0A-4629-8C01-62F3B3C3EDBC}"
EndProject
Global
	GlobalSection(SolutionConfigurationPlatforms) = preSolution
		Debug|Any CPU = Debug|Any CPU
		Release|Any CPU = Release|Any CPU
	EndGlobalSection
	GlobalSection(ProjectConfigurationPlatforms) = postSolution
		{9744B512-0D0A-4629-8C01-62F3B3C3EDBC}.Debug|Any CPU.ActiveCfg = Debug|Any CPU
		{9744B512-0D0A-4629-8C01-62F3B3C3EDBC}.Debug|Any CPU.Build.0 = Debug|Any CPU
		{9744B512-0D0A-4629-8C01-62F3B3C3EDBC}.Release|Any CPU.ActiveCfg = Release|Any CPU
		{9744B512-0D0A-4629-8C01-62F3B3C3EDBC}.Release|Any CPU.Build.0 = Release|Any CPU
	EndGlobalSection
	GlobalSection(SolutionProperties) = preSolution
		HideSolutionNode = FALSE
	EndGlobalSection
	GlobalSection(ExtensibilityGlobals) = postSolution
		SolutionGuid = {C3C1BED4-6D62-4D92-AC01-A18A80FC1B48}
	EndGlobalSection
EndGlobal
